
Microsoft Visual Studio Solution File, Format Version 12.00
# Visual Studio Version 16
VisualStudioVersion = 16.0.31729.503
MinimumVisualStudioVersion = 10.0.40219.1
Project("{FAE04EC0-301F-11D3-BF4B-00C04F79EFBC}") = "terraform-webapp", "terraform-webapp\terraform-webapp.csproj", "{928623E8-6D30-4199-B837-F240B7FED85A}"
EndProject
Global
	GlobalSection(SolutionConfigurationPlatforms) = preSolution
		Debug|Any CPU = Debug|Any CPU
		Release|Any CPU = Release|Any CPU
	EndGlobalSection
	GlobalSection(ProjectConfigurationPlatforms) = postSolution
		{928623E8-6D30-4199-B837-F240B7FED85A}.Debug|Any CPU.ActiveCfg = Debug|Any CPU
		{928623E8-6D30-4199-B837-F240B7FED85A}.Debug|Any CPU.Build.0 = Debug|Any CPU
		{928623E8-6D30-4199-B837-F240B7FED85A}.Release|Any CPU.ActiveCfg = Release|Any CPU
		{928623E8-6D30-4199-B837-F240B7FED85A}.Release|Any CPU.Build.0 = Release|Any CPU
	EndGlobalSection
	GlobalSection(SolutionProperties) = preSolution
		HideSolutionNode = FALSE
	EndGlobalSection
	GlobalSection(ExtensibilityGlobals) = postSolution
		SolutionGuid = {758C7E27-DB2D-4F40-8831-9E84D4F796FA}
	EndGlobalSection
EndGlobal
